// !$*UTF8*$!
{
	archiveVersion = 1;
	classes = {
	};
	objectVersion = 52;
	objects = {

/* Begin PBXBuildFile section */
		701C7FA45EFA2E45955D8556 /* Pods_Demirciy_DemirciyTests.framework in Frameworks */ = {isa = PBXBuildFile; fileRef = C9F6EA996701D231C3195C63 /* Pods_Demirciy_DemirciyTests.framework */; };
		90096FE9EB2F929AA03368E9 /* Pods_Demirciy.framework in Frameworks */ = {isa = PBXBuildFile; fileRef = A9FA0BAD2682C58B4693A1F0 /* Pods_Demirciy.framework */; };
		C903563D2466C176000FE10B /* DMoyaLogPlugin.swift in Sources */ = {isa = PBXBuildFile; fileRef = C903563C2466C176000FE10B /* DMoyaLogPlugin.swift */; };
		C924A7DC2455A22A003CD3B2 /* Demirciy.h in Headers */ = {isa = PBXBuildFile; fileRef = C924A7DA2455A22A003CD3B2 /* Demirciy.h */; settings = {ATTRIBUTES = (Public, ); }; };
		C94E58DD24575C0000CA5A7C /* DImageView.swift in Sources */ = {isa = PBXBuildFile; fileRef = C94E58DC24575C0000CA5A7C /* DImageView.swift */; };
		C969F3642455A5A400968C53 /* DAssetManager.swift in Sources */ = {isa = PBXBuildFile; fileRef = C969F3292455A5A000968C53 /* DAssetManager.swift */; };
		C969F3652455A5A400968C53 /* DView.swift in Sources */ = {isa = PBXBuildFile; fileRef = C969F32A2455A5A000968C53 /* DView.swift */; };
		C969F3662455A5A400968C53 /* DKeyboardManager.swift in Sources */ = {isa = PBXBuildFile; fileRef = C969F32B2455A5A000968C53 /* DKeyboardManager.swift */; };
		C969F3672455A5A400968C53 /* DCollection.swift in Sources */ = {isa = PBXBuildFile; fileRef = C969F32C2455A5A000968C53 /* DCollection.swift */; };
		C969F3682455A5A400968C53 /* DKeychainManager.swift in Sources */ = {isa = PBXBuildFile; fileRef = C969F32D2455A5A000968C53 /* DKeychainManager.swift */; };
		C969F3692455A5A400968C53 /* DUserDefaultsManager.swift in Sources */ = {isa = PBXBuildFile; fileRef = C969F32E2455A5A000968C53 /* DUserDefaultsManager.swift */; };
		C969F36A2455A5A400968C53 /* DReachabilityManager.swift in Sources */ = {isa = PBXBuildFile; fileRef = C969F32F2455A5A000968C53 /* DReachabilityManager.swift */; };
		C969F36B2455A5A400968C53 /* DLabel.swift in Sources */ = {isa = PBXBuildFile; fileRef = C969F3302455A5A000968C53 /* DLabel.swift */; };
		C969F36C2455A5A400968C53 /* UISearchBar+Extension.swift in Sources */ = {isa = PBXBuildFile; fileRef = C969F3312455A5A000968C53 /* UISearchBar+Extension.swift */; };
		C969F36D2455A5A400968C53 /* UIStackView+Extension.swift in Sources */ = {isa = PBXBuildFile; fileRef = C969F3322455A5A000968C53 /* UIStackView+Extension.swift */; };
		C969F36E2455A5A400968C53 /* DError.swift in Sources */ = {isa = PBXBuildFile; fileRef = C969F3332455A5A000968C53 /* DError.swift */; };
		C969F36F2455A5A400968C53 /* DCollectionController.swift in Sources */ = {isa = PBXBuildFile; fileRef = C969F3342455A5A000968C53 /* DCollectionController.swift */; };
		C969F3702455A5A400968C53 /* DUIConstant.swift in Sources */ = {isa = PBXBuildFile; fileRef = C969F3352455A5A000968C53 /* DUIConstant.swift */; };
		C969F3712455A5A400968C53 /* DLanguageModel.swift in Sources */ = {isa = PBXBuildFile; fileRef = C969F3362455A5A000968C53 /* DLanguageModel.swift */; };
		C969F3722455A5A400968C53 /* DResponseModel.swift in Sources */ = {isa = PBXBuildFile; fileRef = C969F3372455A5A000968C53 /* DResponseModel.swift */; };
		C969F3732455A5A400968C53 /* DTable.swift in Sources */ = {isa = PBXBuildFile; fileRef = C969F3382455A5A000968C53 /* DTable.swift */; };
		C969F3742455A5A400968C53 /* DConstant.swift in Sources */ = {isa = PBXBuildFile; fileRef = C969F3392455A5A100968C53 /* DConstant.swift */; };
		C969F3752455A5A400968C53 /* DVersionManager.swift in Sources */ = {isa = PBXBuildFile; fileRef = C969F33A2455A5A100968C53 /* DVersionManager.swift */; };
		C969F3762455A5A400968C53 /* DAppManager.swift in Sources */ = {isa = PBXBuildFile; fileRef = C969F33B2455A5A100968C53 /* DAppManager.swift */; };
		C969F3772455A5A400968C53 /* CustomStringConvertible+Extension.swift in Sources */ = {isa = PBXBuildFile; fileRef = C969F33C2455A5A100968C53 /* CustomStringConvertible+Extension.swift */; };
		C969F3782455A5A400968C53 /* UIImage+Extension.swift in Sources */ = {isa = PBXBuildFile; fileRef = C969F33D2455A5A100968C53 /* UIImage+Extension.swift */; };
		C969F3792455A5A400968C53 /* DCollectionCell.swift in Sources */ = {isa = PBXBuildFile; fileRef = C969F33E2455A5A100968C53 /* DCollectionCell.swift */; };
		C969F37A2455A5A400968C53 /* DCameraManager.swift in Sources */ = {isa = PBXBuildFile; fileRef = C969F33F2455A5A100968C53 /* DCameraManager.swift */; };
		C969F37B2455A5A400968C53 /* DButton.swift in Sources */ = {isa = PBXBuildFile; fileRef = C969F3402455A5A100968C53 /* DButton.swift */; };
		C969F37C2455A5A400968C53 /* DTableCell.swift in Sources */ = {isa = PBXBuildFile; fileRef = C969F3412455A5A100968C53 /* DTableCell.swift */; };
		C969F37D2455A5A400968C53 /* DAppConstant.swift in Sources */ = {isa = PBXBuildFile; fileRef = C969F3422455A5A100968C53 /* DAppConstant.swift */; };
		C969F37E2455A5A400968C53 /* DRequestModel.swift in Sources */ = {isa = PBXBuildFile; fileRef = C969F3432455A5A100968C53 /* DRequestModel.swift */; };
		C969F37F2455A5A400968C53 /* DTorchManager.swift in Sources */ = {isa = PBXBuildFile; fileRef = C969F3442455A5A100968C53 /* DTorchManager.swift */; };
		C969F3802455A5A400968C53 /* UIColor+Extension.swift in Sources */ = {isa = PBXBuildFile; fileRef = C969F3452455A5A100968C53 /* UIColor+Extension.swift */; };
		C969F3812455A5A400968C53 /* DLoadingManager.swift in Sources */ = {isa = PBXBuildFile; fileRef = C969F3462455A5A300968C53 /* DLoadingManager.swift */; };
		C969F3822455A5A400968C53 /* DNavigationController.swift in Sources */ = {isa = PBXBuildFile; fileRef = C969F3472455A5A300968C53 /* DNavigationController.swift */; };
		C969F3832455A5A400968C53 /* DControllerViewModel.swift in Sources */ = {isa = PBXBuildFile; fileRef = C969F3482455A5A300968C53 /* DControllerViewModel.swift */; };
		C969F3852455A5A400968C53 /* DLocationManager.swift in Sources */ = {isa = PBXBuildFile; fileRef = C969F34A2455A5A300968C53 /* DLocationManager.swift */; };
		C969F3862455A5A400968C53 /* DStackView.swift in Sources */ = {isa = PBXBuildFile; fileRef = C969F34B2455A5A300968C53 /* DStackView.swift */; };
		C969F3872455A5A400968C53 /* DTextView.swift in Sources */ = {isa = PBXBuildFile; fileRef = C969F34C2455A5A300968C53 /* DTextView.swift */; };
		C969F3882455A5A400968C53 /* DUtil.swift in Sources */ = {isa = PBXBuildFile; fileRef = C969F34D2455A5A300968C53 /* DUtil.swift */; };
		C969F3892455A5A400968C53 /* DLanguageManager.swift in Sources */ = {isa = PBXBuildFile; fileRef = C969F34E2455A5A300968C53 /* DLanguageManager.swift */; };
		C969F38A2455A5A400968C53 /* Date+Extension.swift in Sources */ = {isa = PBXBuildFile; fileRef = C969F34F2455A5A300968C53 /* Date+Extension.swift */; };
		C969F38B2455A5A400968C53 /* DTextField.swift in Sources */ = {isa = PBXBuildFile; fileRef = C969F3502455A5A300968C53 /* DTextField.swift */; };
		C969F38C2455A5A400968C53 /* DServiceManager.swift in Sources */ = {isa = PBXBuildFile; fileRef = C969F3512455A5A300968C53 /* DServiceManager.swift */; };
		C969F38D2455A5A400968C53 /* DPushNotificationManager.swift in Sources */ = {isa = PBXBuildFile; fileRef = C969F3522455A5A300968C53 /* DPushNotificationManager.swift */; };
		C969F38E2455A5A400968C53 /* DLoadingController.swift in Sources */ = {isa = PBXBuildFile; fileRef = C969F3532455A5A300968C53 /* DLoadingController.swift */; };
		C969F38F2455A5A400968C53 /* TimeZone+Extension.swift in Sources */ = {isa = PBXBuildFile; fileRef = C969F3542455A5A300968C53 /* TimeZone+Extension.swift */; };
		C969F3902455A5A400968C53 /* DModel.swift in Sources */ = {isa = PBXBuildFile; fileRef = C969F3552455A5A300968C53 /* DModel.swift */; };
		C969F3912455A5A400968C53 /* DAppLifeCycleManager.swift in Sources */ = {isa = PBXBuildFile; fileRef = C969F3562455A5A300968C53 /* DAppLifeCycleManager.swift */; };
		C969F3922455A5A400968C53 /* DKeyboardModel.swift in Sources */ = {isa = PBXBuildFile; fileRef = C969F3572455A5A400968C53 /* DKeyboardModel.swift */; };
		C969F3932455A5A400968C53 /* DErrorModel.swift in Sources */ = {isa = PBXBuildFile; fileRef = C969F3582455A5A400968C53 /* DErrorModel.swift */; };
		C969F3942455A5A400968C53 /* DTabBarController.swift in Sources */ = {isa = PBXBuildFile; fileRef = C969F3592455A5A400968C53 /* DTabBarController.swift */; };
		C969F3952455A5A400968C53 /* DLogManager.swift in Sources */ = {isa = PBXBuildFile; fileRef = C969F35A2455A5A400968C53 /* DLogManager.swift */; };
		C969F3962455A5A400968C53 /* DScrollView.swift in Sources */ = {isa = PBXBuildFile; fileRef = C969F35B2455A5A400968C53 /* DScrollView.swift */; };
		C969F3972455A5A400968C53 /* Array+Extension.swift in Sources */ = {isa = PBXBuildFile; fileRef = C969F35C2455A5A400968C53 /* Array+Extension.swift */; };
		C969F3982455A5A400968C53 /* DEnum.swift in Sources */ = {isa = PBXBuildFile; fileRef = C969F35D2455A5A400968C53 /* DEnum.swift */; };
		C969F3992455A5A400968C53 /* UIDevice+Extension.swift in Sources */ = {isa = PBXBuildFile; fileRef = C969F35E2455A5A400968C53 /* UIDevice+Extension.swift */; };
		C969F39A2455A5A400968C53 /* DTableController.swift in Sources */ = {isa = PBXBuildFile; fileRef = C969F35F2455A5A400968C53 /* DTableController.swift */; };
		C969F39B2455A5A400968C53 /* DAlertManager.swift in Sources */ = {isa = PBXBuildFile; fileRef = C969F3602455A5A400968C53 /* DAlertManager.swift */; };
		C969F39C2455A5A400968C53 /* Data+Extension.swift in Sources */ = {isa = PBXBuildFile; fileRef = C969F3612455A5A400968C53 /* Data+Extension.swift */; };
		C969F39D2455A5A400968C53 /* DPushNotificationModel.swift in Sources */ = {isa = PBXBuildFile; fileRef = C969F3622455A5A400968C53 /* DPushNotificationModel.swift */; };
		C97667E22455BD3E00877531 /* UIView+Extension.swift in Sources */ = {isa = PBXBuildFile; fileRef = C97667E12455BD3E00877531 /* UIView+Extension.swift */; };
		C97667E42455BDE000877531 /* UIViewController+Extension.swift in Sources */ = {isa = PBXBuildFile; fileRef = C97667E32455BDE000877531 /* UIViewController+Extension.swift */; };
		C97667E82455C10F00877531 /* DBarButtonItem.swift in Sources */ = {isa = PBXBuildFile; fileRef = C97667E72455C10F00877531 /* DBarButtonItem.swift */; };
		C97667EA2455C18500877531 /* DCollectionReusableView.swift in Sources */ = {isa = PBXBuildFile; fileRef = C97667E92455C18500877531 /* DCollectionReusableView.swift */; };
		C97667EC2455C24F00877531 /* DAttributedString.swift in Sources */ = {isa = PBXBuildFile; fileRef = C97667EB2455C24F00877531 /* DAttributedString.swift */; };
		C97667EE2455C2CF00877531 /* DDateConstant.swift in Sources */ = {isa = PBXBuildFile; fileRef = C97667ED2455C2CF00877531 /* DDateConstant.swift */; };
		C97667F02455EB7300877531 /* UICollectionView+Extension.swift in Sources */ = {isa = PBXBuildFile; fileRef = C97667EF2455EB7300877531 /* UICollectionView+Extension.swift */; };
		C97667F22455EC7400877531 /* UIImageView+Extension.swift in Sources */ = {isa = PBXBuildFile; fileRef = C97667F12455EC7400877531 /* UIImageView+Extension.swift */; };
		C97667F42455EE6100877531 /* UIFont+Extension.swift in Sources */ = {isa = PBXBuildFile; fileRef = C97667F32455EE6100877531 /* UIFont+Extension.swift */; };
		C97FEC922455F4B9002C6458 /* Demirciy.framework in Frameworks */ = {isa = PBXBuildFile; fileRef = C924A7D72455A22A003CD3B2 /* Demirciy.framework */; platformFilter = ios; };
		C97FEC9A2455F4D9002C6458 /* DLanguageManagerTests.swift in Sources */ = {isa = PBXBuildFile; fileRef = C97FEC992455F4D9002C6458 /* DLanguageManagerTests.swift */; };
		C98351D924787C4A00CCB4FF /* String+Extension.swift in Sources */ = {isa = PBXBuildFile; fileRef = C98351D824787C4A00CCB4FF /* String+Extension.swift */; };
		C9860DCF246B3B7100863A5B /* DSegmentedControl.swift in Sources */ = {isa = PBXBuildFile; fileRef = C9860DCE246B3B7100863A5B /* DSegmentedControl.swift */; };
		C9B624BA2479A097007E3A96 /* UIScreen+Extension.swift in Sources */ = {isa = PBXBuildFile; fileRef = C9B624B92479A097007E3A96 /* UIScreen+Extension.swift */; };
		C9BD9011246712A5007C97D9 /* UICollectionViewCell+Extension.swift in Sources */ = {isa = PBXBuildFile; fileRef = C9BD9010246712A5007C97D9 /* UICollectionViewCell+Extension.swift */; };
		C9C60808246099F0008BFF94 /* DCollectionLayout.swift in Sources */ = {isa = PBXBuildFile; fileRef = C9C60807246099EF008BFF94 /* DCollectionLayout.swift */; };
		C9C6080A24609A1A008BFF94 /* DGenericDataSource.swift in Sources */ = {isa = PBXBuildFile; fileRef = C9C6080924609A1A008BFF94 /* DGenericDataSource.swift */; };
		C9C6080C24609A74008BFF94 /* DDynamicValue.swift in Sources */ = {isa = PBXBuildFile; fileRef = C9C6080B24609A74008BFF94 /* DDynamicValue.swift */; };
		C9CE693B245608A000CB240A /* Localizable.strings in Resources */ = {isa = PBXBuildFile; fileRef = C9CE6938245608A000CB240A /* Localizable.strings */; };
		C9DD5C052455A60E007B1BF5 /* Assets.xcassets in Resources */ = {isa = PBXBuildFile; fileRef = C9DD5C022455A60E007B1BF5 /* Assets.xcassets */; };
		C9DF43D92455A35C0063CBDF /* DController.swift in Sources */ = {isa = PBXBuildFile; fileRef = C9DF43D62455A35C0063CBDF /* DController.swift */; };
/* End PBXBuildFile section */

/* Begin PBXContainerItemProxy section */
		C97FEC932455F4B9002C6458 /* PBXContainerItemProxy */ = {
			isa = PBXContainerItemProxy;
			containerPortal = C924A7CE2455A22A003CD3B2 /* Project object */;
			proxyType = 1;
			remoteGlobalIDString = C924A7D62455A22A003CD3B2;
			remoteInfo = Demirciy;
		};
/* End PBXContainerItemProxy section */

/* Begin PBXFileReference section */
		35DA18763482EA9A8C797109 /* Pods-Demirciy.release.xcconfig */ = {isa = PBXFileReference; includeInIndex = 1; lastKnownFileType = text.xcconfig; name = "Pods-Demirciy.release.xcconfig"; path = "Target Support Files/Pods-Demirciy/Pods-Demirciy.release.xcconfig"; sourceTree = "<group>"; };
		3692EEEAB0066D2D4B7843AC /* Pods-Demirciy.debug.xcconfig */ = {isa = PBXFileReference; includeInIndex = 1; lastKnownFileType = text.xcconfig; name = "Pods-Demirciy.debug.xcconfig"; path = "Target Support Files/Pods-Demirciy/Pods-Demirciy.debug.xcconfig"; sourceTree = "<group>"; };
		3E5C604A0697A6FD84955F62 /* Pods-Demirciy-DemirciyTests.release.xcconfig */ = {isa = PBXFileReference; includeInIndex = 1; lastKnownFileType = text.xcconfig; name = "Pods-Demirciy-DemirciyTests.release.xcconfig"; path = "Target Support Files/Pods-Demirciy-DemirciyTests/Pods-Demirciy-DemirciyTests.release.xcconfig"; sourceTree = "<group>"; };
		84938F1629DC098CEE19199E /* Pods-Demirciy-DemirciyTests.debug.xcconfig */ = {isa = PBXFileReference; includeInIndex = 1; lastKnownFileType = text.xcconfig; name = "Pods-Demirciy-DemirciyTests.debug.xcconfig"; path = "Target Support Files/Pods-Demirciy-DemirciyTests/Pods-Demirciy-DemirciyTests.debug.xcconfig"; sourceTree = "<group>"; };
		A9FA0BAD2682C58B4693A1F0 /* Pods_Demirciy.framework */ = {isa = PBXFileReference; explicitFileType = wrapper.framework; includeInIndex = 0; path = Pods_Demirciy.framework; sourceTree = BUILT_PRODUCTS_DIR; };
		C903563C2466C176000FE10B /* DMoyaLogPlugin.swift */ = {isa = PBXFileReference; lastKnownFileType = sourcecode.swift; path = DMoyaLogPlugin.swift; sourceTree = "<group>"; };
		C924A7D72455A22A003CD3B2 /* Demirciy.framework */ = {isa = PBXFileReference; explicitFileType = wrapper.framework; includeInIndex = 0; path = Demirciy.framework; sourceTree = BUILT_PRODUCTS_DIR; };
		C924A7DA2455A22A003CD3B2 /* Demirciy.h */ = {isa = PBXFileReference; lastKnownFileType = sourcecode.c.h; path = Demirciy.h; sourceTree = "<group>"; };
		C924A7DB2455A22A003CD3B2 /* Info.plist */ = {isa = PBXFileReference; lastKnownFileType = text.plist.xml; path = Info.plist; sourceTree = "<group>"; };
		C94E58DC24575C0000CA5A7C /* DImageView.swift */ = {isa = PBXFileReference; lastKnownFileType = sourcecode.swift; path = DImageView.swift; sourceTree = "<group>"; };
		C969F3292455A5A000968C53 /* DAssetManager.swift */ = {isa = PBXFileReference; fileEncoding = 4; lastKnownFileType = sourcecode.swift; path = DAssetManager.swift; sourceTree = "<group>"; };
		C969F32A2455A5A000968C53 /* DView.swift */ = {isa = PBXFileReference; fileEncoding = 4; lastKnownFileType = sourcecode.swift; path = DView.swift; sourceTree = "<group>"; };
		C969F32B2455A5A000968C53 /* DKeyboardManager.swift */ = {isa = PBXFileReference; fileEncoding = 4; lastKnownFileType = sourcecode.swift; path = DKeyboardManager.swift; sourceTree = "<group>"; };
		C969F32C2455A5A000968C53 /* DCollection.swift */ = {isa = PBXFileReference; fileEncoding = 4; lastKnownFileType = sourcecode.swift; path = DCollection.swift; sourceTree = "<group>"; };
		C969F32D2455A5A000968C53 /* DKeychainManager.swift */ = {isa = PBXFileReference; fileEncoding = 4; lastKnownFileType = sourcecode.swift; path = DKeychainManager.swift; sourceTree = "<group>"; };
		C969F32E2455A5A000968C53 /* DUserDefaultsManager.swift */ = {isa = PBXFileReference; fileEncoding = 4; lastKnownFileType = sourcecode.swift; path = DUserDefaultsManager.swift; sourceTree = "<group>"; };
		C969F32F2455A5A000968C53 /* DReachabilityManager.swift */ = {isa = PBXFileReference; fileEncoding = 4; lastKnownFileType = sourcecode.swift; path = DReachabilityManager.swift; sourceTree = "<group>"; };
		C969F3302455A5A000968C53 /* DLabel.swift */ = {isa = PBXFileReference; fileEncoding = 4; lastKnownFileType = sourcecode.swift; path = DLabel.swift; sourceTree = "<group>"; };
		C969F3312455A5A000968C53 /* UISearchBar+Extension.swift */ = {isa = PBXFileReference; fileEncoding = 4; lastKnownFileType = sourcecode.swift; path = "UISearchBar+Extension.swift"; sourceTree = "<group>"; };
		C969F3322455A5A000968C53 /* UIStackView+Extension.swift */ = {isa = PBXFileReference; fileEncoding = 4; lastKnownFileType = sourcecode.swift; path = "UIStackView+Extension.swift"; sourceTree = "<group>"; };
		C969F3332455A5A000968C53 /* DError.swift */ = {isa = PBXFileReference; fileEncoding = 4; lastKnownFileType = sourcecode.swift; path = DError.swift; sourceTree = "<group>"; };
		C969F3342455A5A000968C53 /* DCollectionController.swift */ = {isa = PBXFileReference; fileEncoding = 4; lastKnownFileType = sourcecode.swift; path = DCollectionController.swift; sourceTree = "<group>"; };
		C969F3352455A5A000968C53 /* DUIConstant.swift */ = {isa = PBXFileReference; fileEncoding = 4; lastKnownFileType = sourcecode.swift; path = DUIConstant.swift; sourceTree = "<group>"; };
		C969F3362455A5A000968C53 /* DLanguageModel.swift */ = {isa = PBXFileReference; fileEncoding = 4; lastKnownFileType = sourcecode.swift; path = DLanguageModel.swift; sourceTree = "<group>"; };
		C969F3372455A5A000968C53 /* DResponseModel.swift */ = {isa = PBXFileReference; fileEncoding = 4; lastKnownFileType = sourcecode.swift; path = DResponseModel.swift; sourceTree = "<group>"; };
		C969F3382455A5A000968C53 /* DTable.swift */ = {isa = PBXFileReference; fileEncoding = 4; lastKnownFileType = sourcecode.swift; path = DTable.swift; sourceTree = "<group>"; };
		C969F3392455A5A100968C53 /* DConstant.swift */ = {isa = PBXFileReference; fileEncoding = 4; lastKnownFileType = sourcecode.swift; path = DConstant.swift; sourceTree = "<group>"; };
		C969F33A2455A5A100968C53 /* DVersionManager.swift */ = {isa = PBXFileReference; fileEncoding = 4; lastKnownFileType = sourcecode.swift; path = DVersionManager.swift; sourceTree = "<group>"; };
		C969F33B2455A5A100968C53 /* DAppManager.swift */ = {isa = PBXFileReference; fileEncoding = 4; lastKnownFileType = sourcecode.swift; path = DAppManager.swift; sourceTree = "<group>"; };
		C969F33C2455A5A100968C53 /* CustomStringConvertible+Extension.swift */ = {isa = PBXFileReference; fileEncoding = 4; lastKnownFileType = sourcecode.swift; path = "CustomStringConvertible+Extension.swift"; sourceTree = "<group>"; };
		C969F33D2455A5A100968C53 /* UIImage+Extension.swift */ = {isa = PBXFileReference; fileEncoding = 4; lastKnownFileType = sourcecode.swift; path = "UIImage+Extension.swift"; sourceTree = "<group>"; };
		C969F33E2455A5A100968C53 /* DCollectionCell.swift */ = {isa = PBXFileReference; fileEncoding = 4; lastKnownFileType = sourcecode.swift; path = DCollectionCell.swift; sourceTree = "<group>"; };
		C969F33F2455A5A100968C53 /* DCameraManager.swift */ = {isa = PBXFileReference; fileEncoding = 4; lastKnownFileType = sourcecode.swift; path = DCameraManager.swift; sourceTree = "<group>"; };
		C969F3402455A5A100968C53 /* DButton.swift */ = {isa = PBXFileReference; fileEncoding = 4; lastKnownFileType = sourcecode.swift; path = DButton.swift; sourceTree = "<group>"; };
		C969F3412455A5A100968C53 /* DTableCell.swift */ = {isa = PBXFileReference; fileEncoding = 4; lastKnownFileType = sourcecode.swift; path = DTableCell.swift; sourceTree = "<group>"; };
		C969F3422455A5A100968C53 /* DAppConstant.swift */ = {isa = PBXFileReference; fileEncoding = 4; lastKnownFileType = sourcecode.swift; path = DAppConstant.swift; sourceTree = "<group>"; };
		C969F3432455A5A100968C53 /* DRequestModel.swift */ = {isa = PBXFileReference; fileEncoding = 4; lastKnownFileType = sourcecode.swift; path = DRequestModel.swift; sourceTree = "<group>"; };
		C969F3442455A5A100968C53 /* DTorchManager.swift */ = {isa = PBXFileReference; fileEncoding = 4; lastKnownFileType = sourcecode.swift; path = DTorchManager.swift; sourceTree = "<group>"; };
		C969F3452455A5A100968C53 /* UIColor+Extension.swift */ = {isa = PBXFileReference; fileEncoding = 4; lastKnownFileType = sourcecode.swift; path = "UIColor+Extension.swift"; sourceTree = "<group>"; };
		C969F3462455A5A300968C53 /* DLoadingManager.swift */ = {isa = PBXFileReference; fileEncoding = 4; lastKnownFileType = sourcecode.swift; path = DLoadingManager.swift; sourceTree = "<group>"; };
		C969F3472455A5A300968C53 /* DNavigationController.swift */ = {isa = PBXFileReference; fileEncoding = 4; lastKnownFileType = sourcecode.swift; path = DNavigationController.swift; sourceTree = "<group>"; };
		C969F3482455A5A300968C53 /* DControllerViewModel.swift */ = {isa = PBXFileReference; fileEncoding = 4; lastKnownFileType = sourcecode.swift; path = DControllerViewModel.swift; sourceTree = "<group>"; };
		C969F34A2455A5A300968C53 /* DLocationManager.swift */ = {isa = PBXFileReference; fileEncoding = 4; lastKnownFileType = sourcecode.swift; path = DLocationManager.swift; sourceTree = "<group>"; };
		C969F34B2455A5A300968C53 /* DStackView.swift */ = {isa = PBXFileReference; fileEncoding = 4; lastKnownFileType = sourcecode.swift; path = DStackView.swift; sourceTree = "<group>"; };
		C969F34C2455A5A300968C53 /* DTextView.swift */ = {isa = PBXFileReference; fileEncoding = 4; lastKnownFileType = sourcecode.swift; path = DTextView.swift; sourceTree = "<group>"; };
		C969F34D2455A5A300968C53 /* DUtil.swift */ = {isa = PBXFileReference; fileEncoding = 4; lastKnownFileType = sourcecode.swift; path = DUtil.swift; sourceTree = "<group>"; };
		C969F34E2455A5A300968C53 /* DLanguageManager.swift */ = {isa = PBXFileReference; fileEncoding = 4; lastKnownFileType = sourcecode.swift; path = DLanguageManager.swift; sourceTree = "<group>"; };
		C969F34F2455A5A300968C53 /* Date+Extension.swift */ = {isa = PBXFileReference; fileEncoding = 4; lastKnownFileType = sourcecode.swift; path = "Date+Extension.swift"; sourceTree = "<group>"; };
		C969F3502455A5A300968C53 /* DTextField.swift */ = {isa = PBXFileReference; fileEncoding = 4; lastKnownFileType = sourcecode.swift; path = DTextField.swift; sourceTree = "<group>"; };
		C969F3512455A5A300968C53 /* DServiceManager.swift */ = {isa = PBXFileReference; fileEncoding = 4; lastKnownFileType = sourcecode.swift; path = DServiceManager.swift; sourceTree = "<group>"; };
		C969F3522455A5A300968C53 /* DPushNotificationManager.swift */ = {isa = PBXFileReference; fileEncoding = 4; lastKnownFileType = sourcecode.swift; path = DPushNotificationManager.swift; sourceTree = "<group>"; };
		C969F3532455A5A300968C53 /* DLoadingController.swift */ = {isa = PBXFileReference; fileEncoding = 4; lastKnownFileType = sourcecode.swift; path = DLoadingController.swift; sourceTree = "<group>"; };
		C969F3542455A5A300968C53 /* TimeZone+Extension.swift */ = {isa = PBXFileReference; fileEncoding = 4; lastKnownFileType = sourcecode.swift; path = "TimeZone+Extension.swift"; sourceTree = "<group>"; };
		C969F3552455A5A300968C53 /* DModel.swift */ = {isa = PBXFileReference; fileEncoding = 4; lastKnownFileType = sourcecode.swift; path = DModel.swift; sourceTree = "<group>"; };
		C969F3562455A5A300968C53 /* DAppLifeCycleManager.swift */ = {isa = PBXFileReference; fileEncoding = 4; lastKnownFileType = sourcecode.swift; path = DAppLifeCycleManager.swift; sourceTree = "<group>"; };
		C969F3572455A5A400968C53 /* DKeyboardModel.swift */ = {isa = PBXFileReference; fileEncoding = 4; lastKnownFileType = sourcecode.swift; path = DKeyboardModel.swift; sourceTree = "<group>"; };
		C969F3582455A5A400968C53 /* DErrorModel.swift */ = {isa = PBXFileReference; fileEncoding = 4; lastKnownFileType = sourcecode.swift; path = DErrorModel.swift; sourceTree = "<group>"; };
		C969F3592455A5A400968C53 /* DTabBarController.swift */ = {isa = PBXFileReference; fileEncoding = 4; lastKnownFileType = sourcecode.swift; path = DTabBarController.swift; sourceTree = "<group>"; };
		C969F35A2455A5A400968C53 /* DLogManager.swift */ = {isa = PBXFileReference; fileEncoding = 4; lastKnownFileType = sourcecode.swift; path = DLogManager.swift; sourceTree = "<group>"; };
		C969F35B2455A5A400968C53 /* DScrollView.swift */ = {isa = PBXFileReference; fileEncoding = 4; lastKnownFileType = sourcecode.swift; path = DScrollView.swift; sourceTree = "<group>"; };
		C969F35C2455A5A400968C53 /* Array+Extension.swift */ = {isa = PBXFileReference; fileEncoding = 4; lastKnownFileType = sourcecode.swift; path = "Array+Extension.swift"; sourceTree = "<group>"; };
		C969F35D2455A5A400968C53 /* DEnum.swift */ = {isa = PBXFileReference; fileEncoding = 4; lastKnownFileType = sourcecode.swift; path = DEnum.swift; sourceTree = "<group>"; };
		C969F35E2455A5A400968C53 /* UIDevice+Extension.swift */ = {isa = PBXFileReference; fileEncoding = 4; lastKnownFileType = sourcecode.swift; path = "UIDevice+Extension.swift"; sourceTree = "<group>"; };
		C969F35F2455A5A400968C53 /* DTableController.swift */ = {isa = PBXFileReference; fileEncoding = 4; lastKnownFileType = sourcecode.swift; path = DTableController.swift; sourceTree = "<group>"; };
		C969F3602455A5A400968C53 /* DAlertManager.swift */ = {isa = PBXFileReference; fileEncoding = 4; lastKnownFileType = sourcecode.swift; path = DAlertManager.swift; sourceTree = "<group>"; };
		C969F3612455A5A400968C53 /* Data+Extension.swift */ = {isa = PBXFileReference; fileEncoding = 4; lastKnownFileType = sourcecode.swift; path = "Data+Extension.swift"; sourceTree = "<group>"; };
		C969F3622455A5A400968C53 /* DPushNotificationModel.swift */ = {isa = PBXFileReference; fileEncoding = 4; lastKnownFileType = sourcecode.swift; path = DPushNotificationModel.swift; sourceTree = "<group>"; };
		C97667E12455BD3E00877531 /* UIView+Extension.swift */ = {isa = PBXFileReference; lastKnownFileType = sourcecode.swift; path = "UIView+Extension.swift"; sourceTree = "<group>"; };
		C97667E32455BDE000877531 /* UIViewController+Extension.swift */ = {isa = PBXFileReference; lastKnownFileType = sourcecode.swift; path = "UIViewController+Extension.swift"; sourceTree = "<group>"; };
		C97667E72455C10F00877531 /* DBarButtonItem.swift */ = {isa = PBXFileReference; lastKnownFileType = sourcecode.swift; path = DBarButtonItem.swift; sourceTree = "<group>"; };
		C97667E92455C18500877531 /* DCollectionReusableView.swift */ = {isa = PBXFileReference; lastKnownFileType = sourcecode.swift; path = DCollectionReusableView.swift; sourceTree = "<group>"; };
		C97667EB2455C24F00877531 /* DAttributedString.swift */ = {isa = PBXFileReference; lastKnownFileType = sourcecode.swift; path = DAttributedString.swift; sourceTree = "<group>"; };
		C97667ED2455C2CF00877531 /* DDateConstant.swift */ = {isa = PBXFileReference; lastKnownFileType = sourcecode.swift; path = DDateConstant.swift; sourceTree = "<group>"; };
		C97667EF2455EB7300877531 /* UICollectionView+Extension.swift */ = {isa = PBXFileReference; lastKnownFileType = sourcecode.swift; path = "UICollectionView+Extension.swift"; sourceTree = "<group>"; };
		C97667F12455EC7400877531 /* UIImageView+Extension.swift */ = {isa = PBXFileReference; lastKnownFileType = sourcecode.swift; path = "UIImageView+Extension.swift"; sourceTree = "<group>"; };
		C97667F32455EE6100877531 /* UIFont+Extension.swift */ = {isa = PBXFileReference; lastKnownFileType = sourcecode.swift; path = "UIFont+Extension.swift"; sourceTree = "<group>"; };
		C97FEC8D2455F4B9002C6458 /* DemirciyTests.xctest */ = {isa = PBXFileReference; explicitFileType = wrapper.cfbundle; includeInIndex = 0; path = DemirciyTests.xctest; sourceTree = BUILT_PRODUCTS_DIR; };
		C97FEC912455F4B9002C6458 /* Info.plist */ = {isa = PBXFileReference; lastKnownFileType = text.plist.xml; path = Info.plist; sourceTree = "<group>"; };
		C97FEC992455F4D9002C6458 /* DLanguageManagerTests.swift */ = {isa = PBXFileReference; lastKnownFileType = sourcecode.swift; path = DLanguageManagerTests.swift; sourceTree = "<group>"; };
		C98351D824787C4A00CCB4FF /* String+Extension.swift */ = {isa = PBXFileReference; lastKnownFileType = sourcecode.swift; path = "String+Extension.swift"; sourceTree = "<group>"; };
		C9860DCE246B3B7100863A5B /* DSegmentedControl.swift */ = {isa = PBXFileReference; fileEncoding = 4; lastKnownFileType = sourcecode.swift; path = DSegmentedControl.swift; sourceTree = "<group>"; };
		C9B624B92479A097007E3A96 /* UIScreen+Extension.swift */ = {isa = PBXFileReference; lastKnownFileType = sourcecode.swift; path = "UIScreen+Extension.swift"; sourceTree = "<group>"; };
		C9BD9010246712A5007C97D9 /* UICollectionViewCell+Extension.swift */ = {isa = PBXFileReference; lastKnownFileType = sourcecode.swift; path = "UICollectionViewCell+Extension.swift"; sourceTree = "<group>"; };
		C9C60807246099EF008BFF94 /* DCollectionLayout.swift */ = {isa = PBXFileReference; fileEncoding = 4; lastKnownFileType = sourcecode.swift; path = DCollectionLayout.swift; sourceTree = "<group>"; };
		C9C6080924609A1A008BFF94 /* DGenericDataSource.swift */ = {isa = PBXFileReference; lastKnownFileType = sourcecode.swift; path = DGenericDataSource.swift; sourceTree = "<group>"; };
		C9C6080B24609A74008BFF94 /* DDynamicValue.swift */ = {isa = PBXFileReference; lastKnownFileType = sourcecode.swift; path = DDynamicValue.swift; sourceTree = "<group>"; };
		C9CE6939245608A000CB240A /* en */ = {isa = PBXFileReference; lastKnownFileType = text.plist.strings; name = en; path = en.lproj/Localizable.strings; sourceTree = "<group>"; };
		C9CE693A245608A000CB240A /* tr */ = {isa = PBXFileReference; lastKnownFileType = text.plist.strings; name = tr; path = tr.lproj/Localizable.strings; sourceTree = "<group>"; };
		C9DD5C022455A60E007B1BF5 /* Assets.xcassets */ = {isa = PBXFileReference; lastKnownFileType = folder.assetcatalog; path = Assets.xcassets; sourceTree = "<group>"; };
		C9DF43D62455A35C0063CBDF /* DController.swift */ = {isa = PBXFileReference; fileEncoding = 4; lastKnownFileType = sourcecode.swift; path = DController.swift; sourceTree = "<group>"; };
		C9F6EA996701D231C3195C63 /* Pods_Demirciy_DemirciyTests.framework */ = {isa = PBXFileReference; explicitFileType = wrapper.framework; includeInIndex = 0; path = Pods_Demirciy_DemirciyTests.framework; sourceTree = BUILT_PRODUCTS_DIR; };
/* End PBXFileReference section */

/* Begin PBXFrameworksBuildPhase section */
		C924A7D42455A22A003CD3B2 /* Frameworks */ = {
			isa = PBXFrameworksBuildPhase;
			buildActionMask = 2147483647;
			files = (
				90096FE9EB2F929AA03368E9 /* Pods_Demirciy.framework in Frameworks */,
			);
			runOnlyForDeploymentPostprocessing = 0;
		};
		C97FEC8A2455F4B9002C6458 /* Frameworks */ = {
			isa = PBXFrameworksBuildPhase;
			buildActionMask = 2147483647;
			files = (
				C97FEC922455F4B9002C6458 /* Demirciy.framework in Frameworks */,
				701C7FA45EFA2E45955D8556 /* Pods_Demirciy_DemirciyTests.framework in Frameworks */,
			);
			runOnlyForDeploymentPostprocessing = 0;
		};
/* End PBXFrameworksBuildPhase section */

/* Begin PBXGroup section */
		31DC31D76C04EE39798A85FA /* Frameworks */ = {
			isa = PBXGroup;
			children = (
				A9FA0BAD2682C58B4693A1F0 /* Pods_Demirciy.framework */,
				C9F6EA996701D231C3195C63 /* Pods_Demirciy_DemirciyTests.framework */,
			);
			name = Frameworks;
			sourceTree = "<group>";
		};
		421B14196EBE70365D2BE7E2 /* Pods */ = {
			isa = PBXGroup;
			children = (
				3692EEEAB0066D2D4B7843AC /* Pods-Demirciy.debug.xcconfig */,
				35DA18763482EA9A8C797109 /* Pods-Demirciy.release.xcconfig */,
				84938F1629DC098CEE19199E /* Pods-Demirciy-DemirciyTests.debug.xcconfig */,
				3E5C604A0697A6FD84955F62 /* Pods-Demirciy-DemirciyTests.release.xcconfig */,
			);
			path = Pods;
			sourceTree = "<group>";
		};
		C924A7CD2455A22A003CD3B2 = {
			isa = PBXGroup;
			children = (
				C924A7D92455A22A003CD3B2 /* Demirciy */,
				C97FEC8E2455F4B9002C6458 /* DemirciyTests */,
				C924A7D82455A22A003CD3B2 /* Products */,
				421B14196EBE70365D2BE7E2 /* Pods */,
				31DC31D76C04EE39798A85FA /* Frameworks */,
			);
			sourceTree = "<group>";
		};
		C924A7D82455A22A003CD3B2 /* Products */ = {
			isa = PBXGroup;
			children = (
				C924A7D72455A22A003CD3B2 /* Demirciy.framework */,
				C97FEC8D2455F4B9002C6458 /* DemirciyTests.xctest */,
			);
			name = Products;
			sourceTree = "<group>";
		};
		C924A7D92455A22A003CD3B2 /* Demirciy */ = {
			isa = PBXGroup;
			children = (
				C924A7DA2455A22A003CD3B2 /* Demirciy.h */,
				C924A7DB2455A22A003CD3B2 /* Info.plist */,
				C9DF43D42455A35C0063CBDF /* Classes */,
				C9CE6937245608A000CB240A /* Resources */,
			);
			path = Demirciy;
			sourceTree = "<group>";
		};
		C97FEC8E2455F4B9002C6458 /* DemirciyTests */ = {
			isa = PBXGroup;
			children = (
				C97FEC912455F4B9002C6458 /* Info.plist */,
				C97FEC982455F4CD002C6458 /* Managers */,
			);
			path = DemirciyTests;
			sourceTree = "<group>";
		};
		C97FEC982455F4CD002C6458 /* Managers */ = {
			isa = PBXGroup;
			children = (
				C97FEC992455F4D9002C6458 /* DLanguageManagerTests.swift */,
			);
			name = Managers;
			sourceTree = "<group>";
		};
		C9CE6937245608A000CB240A /* Resources */ = {
			isa = PBXGroup;
			children = (
				C9DD5C022455A60E007B1BF5 /* Assets.xcassets */,
				C9CE6938245608A000CB240A /* Localizable.strings */,
			);
			path = Resources;
			sourceTree = "<group>";
		};
		C9DF43D42455A35C0063CBDF /* Classes */ = {
			isa = PBXGroup;
			children = (
				C9EFD2B52455AACB00182EB6 /* Managers */,
				C9EFD2B72455AC0D00182EB6 /* Models */,
				C9EFD2B62455AB0300182EB6 /* UI */,
				C9EFD2B82455B1F500182EB6 /* Utilities */,
			);
			path = Classes;
			sourceTree = "<group>";
		};
		C9EFD2B52455AACB00182EB6 /* Managers */ = {
			isa = PBXGroup;
			children = (
				C969F3602455A5A400968C53 /* DAlertManager.swift */,
				C969F3562455A5A300968C53 /* DAppLifeCycleManager.swift */,
				C969F33B2455A5A100968C53 /* DAppManager.swift */,
				C969F3292455A5A000968C53 /* DAssetManager.swift */,
				C969F33F2455A5A100968C53 /* DCameraManager.swift */,
				C969F32B2455A5A000968C53 /* DKeyboardManager.swift */,
				C969F32D2455A5A000968C53 /* DKeychainManager.swift */,
				C969F34E2455A5A300968C53 /* DLanguageManager.swift */,
				C969F3462455A5A300968C53 /* DLoadingManager.swift */,
				C969F34A2455A5A300968C53 /* DLocationManager.swift */,
				C969F35A2455A5A400968C53 /* DLogManager.swift */,
				C969F3522455A5A300968C53 /* DPushNotificationManager.swift */,
				C969F32F2455A5A000968C53 /* DReachabilityManager.swift */,
				C969F3512455A5A300968C53 /* DServiceManager.swift */,
				C969F3442455A5A100968C53 /* DTorchManager.swift */,
				C969F32E2455A5A000968C53 /* DUserDefaultsManager.swift */,
				C969F33A2455A5A100968C53 /* DVersionManager.swift */,
			);
			name = Managers;
			sourceTree = "<group>";
		};
		C9EFD2B62455AB0300182EB6 /* UI */ = {
			isa = PBXGroup;
			children = (
				C9C60807246099EF008BFF94 /* DCollectionLayout.swift */,
				C9C6080924609A1A008BFF94 /* DGenericDataSource.swift */,
				C9EFD2BD2455B25F00182EB6 /* Cells */,
				C9EFD2BC2455B25700182EB6 /* Controllers */,
				C9EFD2BB2455B25200182EB6 /* Views */,
			);
			name = UI;
			sourceTree = "<group>";
		};
		C9EFD2B72455AC0D00182EB6 /* Models */ = {
			isa = PBXGroup;
			children = (
				C969F3482455A5A300968C53 /* DControllerViewModel.swift */,
				C969F3582455A5A400968C53 /* DErrorModel.swift */,
				C969F3572455A5A400968C53 /* DKeyboardModel.swift */,
				C969F3362455A5A000968C53 /* DLanguageModel.swift */,
				C969F3552455A5A300968C53 /* DModel.swift */,
				C969F3622455A5A400968C53 /* DPushNotificationModel.swift */,
				C969F3432455A5A100968C53 /* DRequestModel.swift */,
				C969F3372455A5A000968C53 /* DResponseModel.swift */,
			);
			name = Models;
			sourceTree = "<group>";
		};
		C9EFD2B82455B1F500182EB6 /* Utilities */ = {
			isa = PBXGroup;
			children = (
				C97667EB2455C24F00877531 /* DAttributedString.swift */,
				C9C6080B24609A74008BFF94 /* DDynamicValue.swift */,
				C969F35D2455A5A400968C53 /* DEnum.swift */,
				C969F3332455A5A000968C53 /* DError.swift */,
				C903563C2466C176000FE10B /* DMoyaLogPlugin.swift */,
				C969F34D2455A5A300968C53 /* DUtil.swift */,
				C9EFD2B92455B1FE00182EB6 /* Constants */,
				C9EFD2BA2455B20400182EB6 /* Extensions */,
			);
			name = Utilities;
			sourceTree = "<group>";
		};
		C9EFD2B92455B1FE00182EB6 /* Constants */ = {
			isa = PBXGroup;
			children = (
				C969F3422455A5A100968C53 /* DAppConstant.swift */,
				C969F3392455A5A100968C53 /* DConstant.swift */,
				C97667ED2455C2CF00877531 /* DDateConstant.swift */,
				C969F3352455A5A000968C53 /* DUIConstant.swift */,
			);
			name = Constants;
			sourceTree = "<group>";
		};
		C9EFD2BA2455B20400182EB6 /* Extensions */ = {
			isa = PBXGroup;
			children = (
				C969F35C2455A5A400968C53 /* Array+Extension.swift */,
				C969F33C2455A5A100968C53 /* CustomStringConvertible+Extension.swift */,
				C969F3612455A5A400968C53 /* Data+Extension.swift */,
				C969F34F2455A5A300968C53 /* Date+Extension.swift */,
				C98351D824787C4A00CCB4FF /* String+Extension.swift */,
				C969F3542455A5A300968C53 /* TimeZone+Extension.swift */,
				C97667EF2455EB7300877531 /* UICollectionView+Extension.swift */,
				C9BD9010246712A5007C97D9 /* UICollectionViewCell+Extension.swift */,
				C969F3452455A5A100968C53 /* UIColor+Extension.swift */,
				C969F35E2455A5A400968C53 /* UIDevice+Extension.swift */,
				C97667F32455EE6100877531 /* UIFont+Extension.swift */,
				C969F33D2455A5A100968C53 /* UIImage+Extension.swift */,
				C97667F12455EC7400877531 /* UIImageView+Extension.swift */,
				C9B624B92479A097007E3A96 /* UIScreen+Extension.swift */,
				C969F3312455A5A000968C53 /* UISearchBar+Extension.swift */,
				C969F3322455A5A000968C53 /* UIStackView+Extension.swift */,
				C97667E12455BD3E00877531 /* UIView+Extension.swift */,
				C97667E32455BDE000877531 /* UIViewController+Extension.swift */,
			);
			name = Extensions;
			sourceTree = "<group>";
		};
		C9EFD2BB2455B25200182EB6 /* Views */ = {
			isa = PBXGroup;
			children = (
				C97667E72455C10F00877531 /* DBarButtonItem.swift */,
				C969F3402455A5A100968C53 /* DButton.swift */,
				C969F32C2455A5A000968C53 /* DCollection.swift */,
				C97667E92455C18500877531 /* DCollectionReusableView.swift */,
				C94E58DC24575C0000CA5A7C /* DImageView.swift */,
				C969F3302455A5A000968C53 /* DLabel.swift */,
				C969F35B2455A5A400968C53 /* DScrollView.swift */,
				C9860DCE246B3B7100863A5B /* DSegmentedControl.swift */,
				C969F34B2455A5A300968C53 /* DStackView.swift */,
				C969F3382455A5A000968C53 /* DTable.swift */,
				C969F3502455A5A300968C53 /* DTextField.swift */,
				C969F34C2455A5A300968C53 /* DTextView.swift */,
				C969F32A2455A5A000968C53 /* DView.swift */,
				C9EFD2C02455B29500182EB6 /* Custom */,
			);
			name = Views;
			sourceTree = "<group>";
		};
		C9EFD2BC2455B25700182EB6 /* Controllers */ = {
			isa = PBXGroup;
			children = (
				C969F3342455A5A000968C53 /* DCollectionController.swift */,
				C9DF43D62455A35C0063CBDF /* DController.swift */,
				C969F3472455A5A300968C53 /* DNavigationController.swift */,
				C969F3592455A5A400968C53 /* DTabBarController.swift */,
				C969F35F2455A5A400968C53 /* DTableController.swift */,
				C9EFD2BE2455B27E00182EB6 /* Custom */,
			);
			name = Controllers;
			sourceTree = "<group>";
		};
		C9EFD2BD2455B25F00182EB6 /* Cells */ = {
			isa = PBXGroup;
			children = (
				C969F33E2455A5A100968C53 /* DCollectionCell.swift */,
				C969F3412455A5A100968C53 /* DTableCell.swift */,
				C9EFD2BF2455B29000182EB6 /* Custom */,
			);
			name = Cells;
			sourceTree = "<group>";
		};
		C9EFD2BE2455B27E00182EB6 /* Custom */ = {
			isa = PBXGroup;
			children = (
				C969F3532455A5A300968C53 /* DLoadingController.swift */,
			);
			name = Custom;
			sourceTree = "<group>";
		};
		C9EFD2BF2455B29000182EB6 /* Custom */ = {
			isa = PBXGroup;
			children = (
			);
			name = Custom;
			sourceTree = "<group>";
		};
		C9EFD2C02455B29500182EB6 /* Custom */ = {
			isa = PBXGroup;
			children = (
			);
			name = Custom;
			sourceTree = "<group>";
		};
/* End PBXGroup section */

/* Begin PBXHeadersBuildPhase section */
		C924A7D22455A22A003CD3B2 /* Headers */ = {
			isa = PBXHeadersBuildPhase;
			buildActionMask = 2147483647;
			files = (
				C924A7DC2455A22A003CD3B2 /* Demirciy.h in Headers */,
			);
			runOnlyForDeploymentPostprocessing = 0;
		};
/* End PBXHeadersBuildPhase section */

/* Begin PBXNativeTarget section */
		C924A7D62455A22A003CD3B2 /* Demirciy */ = {
			isa = PBXNativeTarget;
			buildConfigurationList = C924A7DF2455A22A003CD3B2 /* Build configuration list for PBXNativeTarget "Demirciy" */;
			buildPhases = (
				B25CA130E5968ECDAC3D9E2E /* [CP] Check Pods Manifest.lock */,
				C924A7D22455A22A003CD3B2 /* Headers */,
				C924A7D32455A22A003CD3B2 /* Sources */,
				C924A7D42455A22A003CD3B2 /* Frameworks */,
				C924A7D52455A22A003CD3B2 /* Resources */,
			);
			buildRules = (
			);
			dependencies = (
			);
			name = Demirciy;
			productName = Demirciy;
			productReference = C924A7D72455A22A003CD3B2 /* Demirciy.framework */;
			productType = "com.apple.product-type.framework";
		};
		C97FEC8C2455F4B9002C6458 /* DemirciyTests */ = {
			isa = PBXNativeTarget;
			buildConfigurationList = C97FEC952455F4B9002C6458 /* Build configuration list for PBXNativeTarget "DemirciyTests" */;
			buildPhases = (
				4880D8A029B0F5E8833F6F7F /* [CP] Check Pods Manifest.lock */,
				C97FEC892455F4B9002C6458 /* Sources */,
				C97FEC8A2455F4B9002C6458 /* Frameworks */,
				C97FEC8B2455F4B9002C6458 /* Resources */,
				CA8863C536C1FD6E4BB0AA17 /* [CP] Embed Pods Frameworks */,
			);
			buildRules = (
			);
			dependencies = (
				C97FEC942455F4B9002C6458 /* PBXTargetDependency */,
			);
			name = DemirciyTests;
			productName = DemirciyTests;
			productReference = C97FEC8D2455F4B9002C6458 /* DemirciyTests.xctest */;
			productType = "com.apple.product-type.bundle.unit-test";
		};
/* End PBXNativeTarget section */

/* Begin PBXProject section */
		C924A7CE2455A22A003CD3B2 /* Project object */ = {
			isa = PBXProject;
			attributes = {
				LastSwiftUpdateCheck = 1140;
				LastUpgradeCheck = 1140;
				ORGANIZATIONNAME = "Yusuf Demirci";
				TargetAttributes = {
					C924A7D62455A22A003CD3B2 = {
						CreatedOnToolsVersion = 11.4.1;
					};
					C97FEC8C2455F4B9002C6458 = {
						CreatedOnToolsVersion = 11.4.1;
					};
				};
			};
			buildConfigurationList = C924A7D12455A22A003CD3B2 /* Build configuration list for PBXProject "Demirciy" */;
			compatibilityVersion = "Xcode 9.3";
			developmentRegion = en;
			hasScannedForEncodings = 0;
			knownRegions = (
				en,
				Base,
				tr,
			);
			mainGroup = C924A7CD2455A22A003CD3B2;
			productRefGroup = C924A7D82455A22A003CD3B2 /* Products */;
			projectDirPath = "";
			projectRoot = "";
			targets = (
				C924A7D62455A22A003CD3B2 /* Demirciy */,
				C97FEC8C2455F4B9002C6458 /* DemirciyTests */,
			);
		};
/* End PBXProject section */

/* Begin PBXResourcesBuildPhase section */
		C924A7D52455A22A003CD3B2 /* Resources */ = {
			isa = PBXResourcesBuildPhase;
			buildActionMask = 2147483647;
			files = (
				C9DD5C052455A60E007B1BF5 /* Assets.xcassets in Resources */,
				C9CE693B245608A000CB240A /* Localizable.strings in Resources */,
			);
			runOnlyForDeploymentPostprocessing = 0;
		};
		C97FEC8B2455F4B9002C6458 /* Resources */ = {
			isa = PBXResourcesBuildPhase;
			buildActionMask = 2147483647;
			files = (
			);
			runOnlyForDeploymentPostprocessing = 0;
		};
/* End PBXResourcesBuildPhase section */

/* Begin PBXShellScriptBuildPhase section */
		4880D8A029B0F5E8833F6F7F /* [CP] Check Pods Manifest.lock */ = {
			isa = PBXShellScriptBuildPhase;
			buildActionMask = 2147483647;
			files = (
			);
			inputFileListPaths = (
			);
			inputPaths = (
				"${PODS_PODFILE_DIR_PATH}/Podfile.lock",
				"${PODS_ROOT}/Manifest.lock",
			);
			name = "[CP] Check Pods Manifest.lock";
			outputFileListPaths = (
			);
			outputPaths = (
				"$(DERIVED_FILE_DIR)/Pods-Demirciy-DemirciyTests-checkManifestLockResult.txt",
			);
			runOnlyForDeploymentPostprocessing = 0;
			shellPath = /bin/sh;
			shellScript = "diff \"${PODS_PODFILE_DIR_PATH}/Podfile.lock\" \"${PODS_ROOT}/Manifest.lock\" > /dev/null\nif [ $? != 0 ] ; then\n    # print error to STDERR\n    echo \"error: The sandbox is not in sync with the Podfile.lock. Run 'pod install' or update your CocoaPods installation.\" >&2\n    exit 1\nfi\n# This output is used by Xcode 'outputs' to avoid re-running this script phase.\necho \"SUCCESS\" > \"${SCRIPT_OUTPUT_FILE_0}\"\n";
			showEnvVarsInLog = 0;
		};
		B25CA130E5968ECDAC3D9E2E /* [CP] Check Pods Manifest.lock */ = {
			isa = PBXShellScriptBuildPhase;
			buildActionMask = 2147483647;
			files = (
			);
			inputFileListPaths = (
			);
			inputPaths = (
				"${PODS_PODFILE_DIR_PATH}/Podfile.lock",
				"${PODS_ROOT}/Manifest.lock",
			);
			name = "[CP] Check Pods Manifest.lock";
			outputFileListPaths = (
			);
			outputPaths = (
				"$(DERIVED_FILE_DIR)/Pods-Demirciy-checkManifestLockResult.txt",
			);
			runOnlyForDeploymentPostprocessing = 0;
			shellPath = /bin/sh;
			shellScript = "diff \"${PODS_PODFILE_DIR_PATH}/Podfile.lock\" \"${PODS_ROOT}/Manifest.lock\" > /dev/null\nif [ $? != 0 ] ; then\n    # print error to STDERR\n    echo \"error: The sandbox is not in sync with the Podfile.lock. Run 'pod install' or update your CocoaPods installation.\" >&2\n    exit 1\nfi\n# This output is used by Xcode 'outputs' to avoid re-running this script phase.\necho \"SUCCESS\" > \"${SCRIPT_OUTPUT_FILE_0}\"\n";
			showEnvVarsInLog = 0;
		};
		CA8863C536C1FD6E4BB0AA17 /* [CP] Embed Pods Frameworks */ = {
			isa = PBXShellScriptBuildPhase;
			buildActionMask = 2147483647;
			files = (
			);
			inputFileListPaths = (
				"${PODS_ROOT}/Target Support Files/Pods-Demirciy-DemirciyTests/Pods-Demirciy-DemirciyTests-frameworks-${CONFIGURATION}-input-files.xcfilelist",
			);
			name = "[CP] Embed Pods Frameworks";
			outputFileListPaths = (
				"${PODS_ROOT}/Target Support Files/Pods-Demirciy-DemirciyTests/Pods-Demirciy-DemirciyTests-frameworks-${CONFIGURATION}-output-files.xcfilelist",
			);
			runOnlyForDeploymentPostprocessing = 0;
			shellPath = /bin/sh;
			shellScript = "\"${PODS_ROOT}/Target Support Files/Pods-Demirciy-DemirciyTests/Pods-Demirciy-DemirciyTests-frameworks.sh\"\n";
			showEnvVarsInLog = 0;
		};
/* End PBXShellScriptBuildPhase section */

/* Begin PBXSourcesBuildPhase section */
		C924A7D32455A22A003CD3B2 /* Sources */ = {
			isa = PBXSourcesBuildPhase;
			buildActionMask = 2147483647;
			files = (
				C969F39B2455A5A400968C53 /* DAlertManager.swift in Sources */,
				C969F3892455A5A400968C53 /* DLanguageManager.swift in Sources */,
				C969F3672455A5A400968C53 /* DCollection.swift in Sources */,
				C969F39D2455A5A400968C53 /* DPushNotificationModel.swift in Sources */,
				C969F36C2455A5A400968C53 /* UISearchBar+Extension.swift in Sources */,
				C969F3992455A5A400968C53 /* UIDevice+Extension.swift in Sources */,
				C969F3692455A5A400968C53 /* DUserDefaultsManager.swift in Sources */,
				C969F3972455A5A400968C53 /* Array+Extension.swift in Sources */,
				C969F39C2455A5A400968C53 /* Data+Extension.swift in Sources */,
				C969F3832455A5A400968C53 /* DControllerViewModel.swift in Sources */,
				C97667EA2455C18500877531 /* DCollectionReusableView.swift in Sources */,
				C9860DCF246B3B7100863A5B /* DSegmentedControl.swift in Sources */,
				C969F38A2455A5A400968C53 /* Date+Extension.swift in Sources */,
				C969F3932455A5A400968C53 /* DErrorModel.swift in Sources */,
				C969F3662455A5A400968C53 /* DKeyboardManager.swift in Sources */,
				C9C60808246099F0008BFF94 /* DCollectionLayout.swift in Sources */,
				C969F38C2455A5A400968C53 /* DServiceManager.swift in Sources */,
				C969F38E2455A5A400968C53 /* DLoadingController.swift in Sources */,
				C97667F02455EB7300877531 /* UICollectionView+Extension.swift in Sources */,
				C969F37C2455A5A400968C53 /* DTableCell.swift in Sources */,
				C97667EE2455C2CF00877531 /* DDateConstant.swift in Sources */,
				C969F36E2455A5A400968C53 /* DError.swift in Sources */,
				C9C6080C24609A74008BFF94 /* DDynamicValue.swift in Sources */,
				C969F3792455A5A400968C53 /* DCollectionCell.swift in Sources */,
				C969F3922455A5A400968C53 /* DKeyboardModel.swift in Sources */,
				C969F3742455A5A400968C53 /* DConstant.swift in Sources */,
				C969F3952455A5A400968C53 /* DLogManager.swift in Sources */,
				C969F3852455A5A400968C53 /* DLocationManager.swift in Sources */,
				C969F3642455A5A400968C53 /* DAssetManager.swift in Sources */,
				C97667F22455EC7400877531 /* UIImageView+Extension.swift in Sources */,
				C97667F42455EE6100877531 /* UIFont+Extension.swift in Sources */,
				C969F3862455A5A400968C53 /* DStackView.swift in Sources */,
				C969F3802455A5A400968C53 /* UIColor+Extension.swift in Sources */,
				C97667E82455C10F00877531 /* DBarButtonItem.swift in Sources */,
				C94E58DD24575C0000CA5A7C /* DImageView.swift in Sources */,
				C969F38F2455A5A400968C53 /* TimeZone+Extension.swift in Sources */,
				C969F37F2455A5A400968C53 /* DTorchManager.swift in Sources */,
				C969F36A2455A5A400968C53 /* DReachabilityManager.swift in Sources */,
				C969F3682455A5A400968C53 /* DKeychainManager.swift in Sources */,
				C969F3782455A5A400968C53 /* UIImage+Extension.swift in Sources */,
				C969F3982455A5A400968C53 /* DEnum.swift in Sources */,
				C969F36B2455A5A400968C53 /* DLabel.swift in Sources */,
				C969F3812455A5A400968C53 /* DLoadingManager.swift in Sources */,
				C969F3702455A5A400968C53 /* DUIConstant.swift in Sources */,
				C969F3722455A5A400968C53 /* DResponseModel.swift in Sources */,
				C9C6080A24609A1A008BFF94 /* DGenericDataSource.swift in Sources */,
				C969F39A2455A5A400968C53 /* DTableController.swift in Sources */,
				C969F37E2455A5A400968C53 /* DRequestModel.swift in Sources */,
				C9DF43D92455A35C0063CBDF /* DController.swift in Sources */,
				C969F38B2455A5A400968C53 /* DTextField.swift in Sources */,
				C97667E22455BD3E00877531 /* UIView+Extension.swift in Sources */,
				C969F3902455A5A400968C53 /* DModel.swift in Sources */,
				C97667E42455BDE000877531 /* UIViewController+Extension.swift in Sources */,
				C969F3962455A5A400968C53 /* DScrollView.swift in Sources */,
				C969F3882455A5A400968C53 /* DUtil.swift in Sources */,
				C969F3912455A5A400968C53 /* DAppLifeCycleManager.swift in Sources */,
				C969F3652455A5A400968C53 /* DView.swift in Sources */,
				C969F3822455A5A400968C53 /* DNavigationController.swift in Sources */,
				C98351D924787C4A00CCB4FF /* String+Extension.swift in Sources */,
				C969F3752455A5A400968C53 /* DVersionManager.swift in Sources */,
				C903563D2466C176000FE10B /* DMoyaLogPlugin.swift in Sources */,
				C969F3772455A5A400968C53 /* CustomStringConvertible+Extension.swift in Sources */,
				C9BD9011246712A5007C97D9 /* UICollectionViewCell+Extension.swift in Sources */,
				C969F3762455A5A400968C53 /* DAppManager.swift in Sources */,
				C969F3732455A5A400968C53 /* DTable.swift in Sources */,
				C969F36D2455A5A400968C53 /* UIStackView+Extension.swift in Sources */,
				C969F36F2455A5A400968C53 /* DCollectionController.swift in Sources */,
				C969F37B2455A5A400968C53 /* DButton.swift in Sources */,
				C969F37A2455A5A400968C53 /* DCameraManager.swift in Sources */,
				C969F37D2455A5A400968C53 /* DAppConstant.swift in Sources */,
				C97667EC2455C24F00877531 /* DAttributedString.swift in Sources */,
				C969F3942455A5A400968C53 /* DTabBarController.swift in Sources */,
				C969F3712455A5A400968C53 /* DLanguageModel.swift in Sources */,
				C9B624BA2479A097007E3A96 /* UIScreen+Extension.swift in Sources */,
				C969F38D2455A5A400968C53 /* DPushNotificationManager.swift in Sources */,
				C969F3872455A5A400968C53 /* DTextView.swift in Sources */,
			);
			runOnlyForDeploymentPostprocessing = 0;
		};
		C97FEC892455F4B9002C6458 /* Sources */ = {
			isa = PBXSourcesBuildPhase;
			buildActionMask = 2147483647;
			files = (
				C97FEC9A2455F4D9002C6458 /* DLanguageManagerTests.swift in Sources */,
			);
			runOnlyForDeploymentPostprocessing = 0;
		};
/* End PBXSourcesBuildPhase section */

/* Begin PBXTargetDependency section */
		C97FEC942455F4B9002C6458 /* PBXTargetDependency */ = {
			isa = PBXTargetDependency;
			platformFilter = ios;
			target = C924A7D62455A22A003CD3B2 /* Demirciy */;
			targetProxy = C97FEC932455F4B9002C6458 /* PBXContainerItemProxy */;
		};
/* End PBXTargetDependency section */

/* Begin PBXVariantGroup section */
		C9CE6938245608A000CB240A /* Localizable.strings */ = {
			isa = PBXVariantGroup;
			children = (
				C9CE6939245608A000CB240A /* en */,
				C9CE693A245608A000CB240A /* tr */,
			);
			name = Localizable.strings;
			sourceTree = "<group>";
		};
/* End PBXVariantGroup section */

/* Begin XCBuildConfiguration section */
		C924A7DD2455A22A003CD3B2 /* Debug */ = {
			isa = XCBuildConfiguration;
			buildSettings = {
				ALWAYS_SEARCH_USER_PATHS = NO;
				CLANG_ANALYZER_LOCALIZABILITY_NONLOCALIZED = YES;
				CLANG_ANALYZER_NONNULL = YES;
				CLANG_ANALYZER_NUMBER_OBJECT_CONVERSION = YES_AGGRESSIVE;
				CLANG_CXX_LANGUAGE_STANDARD = "gnu++14";
				CLANG_CXX_LIBRARY = "libc++";
				CLANG_ENABLE_MODULES = YES;
				CLANG_ENABLE_OBJC_ARC = YES;
				CLANG_ENABLE_OBJC_WEAK = YES;
				CLANG_WARN_BLOCK_CAPTURE_AUTORELEASING = YES;
				CLANG_WARN_BOOL_CONVERSION = YES;
				CLANG_WARN_COMMA = YES;
				CLANG_WARN_CONSTANT_CONVERSION = YES;
				CLANG_WARN_DEPRECATED_OBJC_IMPLEMENTATIONS = YES;
				CLANG_WARN_DIRECT_OBJC_ISA_USAGE = YES_ERROR;
				CLANG_WARN_DOCUMENTATION_COMMENTS = YES;
				CLANG_WARN_EMPTY_BODY = YES;
				CLANG_WARN_ENUM_CONVERSION = YES;
				CLANG_WARN_INFINITE_RECURSION = YES;
				CLANG_WARN_INT_CONVERSION = YES;
				CLANG_WARN_NON_LITERAL_NULL_CONVERSION = YES;
				CLANG_WARN_OBJC_IMPLICIT_RETAIN_SELF = YES;
				CLANG_WARN_OBJC_LITERAL_CONVERSION = YES;
				CLANG_WARN_OBJC_ROOT_CLASS = YES_ERROR;
				CLANG_WARN_RANGE_LOOP_ANALYSIS = YES;
				CLANG_WARN_STRICT_PROTOTYPES = YES;
				CLANG_WARN_SUSPICIOUS_MOVE = YES;
				CLANG_WARN_UNGUARDED_AVAILABILITY = YES_AGGRESSIVE;
				CLANG_WARN_UNREACHABLE_CODE = YES;
				CLANG_WARN__DUPLICATE_METHOD_MATCH = YES;
				COPY_PHASE_STRIP = NO;
				CURRENT_PROJECT_VERSION = 1;
				DEBUG_INFORMATION_FORMAT = dwarf;
				ENABLE_STRICT_OBJC_MSGSEND = YES;
				ENABLE_TESTABILITY = YES;
				GCC_C_LANGUAGE_STANDARD = gnu11;
				GCC_DYNAMIC_NO_PIC = NO;
				GCC_NO_COMMON_BLOCKS = YES;
				GCC_OPTIMIZATION_LEVEL = 0;
				GCC_PREPROCESSOR_DEFINITIONS = (
					"DEBUG=1",
					"$(inherited)",
				);
				GCC_WARN_64_TO_32_BIT_CONVERSION = YES;
				GCC_WARN_ABOUT_RETURN_TYPE = YES_ERROR;
				GCC_WARN_UNDECLARED_SELECTOR = YES;
				GCC_WARN_UNINITIALIZED_AUTOS = YES_AGGRESSIVE;
				GCC_WARN_UNUSED_FUNCTION = YES;
				GCC_WARN_UNUSED_VARIABLE = YES;
				IPHONEOS_DEPLOYMENT_TARGET = 13.0;
				MTL_ENABLE_DEBUG_INFO = INCLUDE_SOURCE;
				MTL_FAST_MATH = YES;
				ONLY_ACTIVE_ARCH = YES;
				SDKROOT = iphoneos;
				SWIFT_ACTIVE_COMPILATION_CONDITIONS = DEBUG;
				SWIFT_OPTIMIZATION_LEVEL = "-Onone";
				VERSIONING_SYSTEM = "apple-generic";
				VERSION_INFO_PREFIX = "";
			};
			name = Debug;
		};
		C924A7DE2455A22A003CD3B2 /* Release */ = {
			isa = XCBuildConfiguration;
			buildSettings = {
				ALWAYS_SEARCH_USER_PATHS = NO;
				CLANG_ANALYZER_LOCALIZABILITY_NONLOCALIZED = YES;
				CLANG_ANALYZER_NONNULL = YES;
				CLANG_ANALYZER_NUMBER_OBJECT_CONVERSION = YES_AGGRESSIVE;
				CLANG_CXX_LANGUAGE_STANDARD = "gnu++14";
				CLANG_CXX_LIBRARY = "libc++";
				CLANG_ENABLE_MODULES = YES;
				CLANG_ENABLE_OBJC_ARC = YES;
				CLANG_ENABLE_OBJC_WEAK = YES;
				CLANG_WARN_BLOCK_CAPTURE_AUTORELEASING = YES;
				CLANG_WARN_BOOL_CONVERSION = YES;
				CLANG_WARN_COMMA = YES;
				CLANG_WARN_CONSTANT_CONVERSION = YES;
				CLANG_WARN_DEPRECATED_OBJC_IMPLEMENTATIONS = YES;
				CLANG_WARN_DIRECT_OBJC_ISA_USAGE = YES_ERROR;
				CLANG_WARN_DOCUMENTATION_COMMENTS = YES;
				CLANG_WARN_EMPTY_BODY = YES;
				CLANG_WARN_ENUM_CONVERSION = YES;
				CLANG_WARN_INFINITE_RECURSION = YES;
				CLANG_WARN_INT_CONVERSION = YES;
				CLANG_WARN_NON_LITERAL_NULL_CONVERSION = YES;
				CLANG_WARN_OBJC_IMPLICIT_RETAIN_SELF = YES;
				CLANG_WARN_OBJC_LITERAL_CONVERSION = YES;
				CLANG_WARN_OBJC_ROOT_CLASS = YES_ERROR;
				CLANG_WARN_RANGE_LOOP_ANALYSIS = YES;
				CLANG_WARN_STRICT_PROTOTYPES = YES;
				CLANG_WARN_SUSPICIOUS_MOVE = YES;
				CLANG_WARN_UNGUARDED_AVAILABILITY = YES_AGGRESSIVE;
				CLANG_WARN_UNREACHABLE_CODE = YES;
				CLANG_WARN__DUPLICATE_METHOD_MATCH = YES;
				COPY_PHASE_STRIP = NO;
				CURRENT_PROJECT_VERSION = 1;
				DEBUG_INFORMATION_FORMAT = "dwarf-with-dsym";
				ENABLE_NS_ASSERTIONS = NO;
				ENABLE_STRICT_OBJC_MSGSEND = YES;
				GCC_C_LANGUAGE_STANDARD = gnu11;
				GCC_NO_COMMON_BLOCKS = YES;
				GCC_WARN_64_TO_32_BIT_CONVERSION = YES;
				GCC_WARN_ABOUT_RETURN_TYPE = YES_ERROR;
				GCC_WARN_UNDECLARED_SELECTOR = YES;
				GCC_WARN_UNINITIALIZED_AUTOS = YES_AGGRESSIVE;
				GCC_WARN_UNUSED_FUNCTION = YES;
				GCC_WARN_UNUSED_VARIABLE = YES;
				IPHONEOS_DEPLOYMENT_TARGET = 13.0;
				MTL_ENABLE_DEBUG_INFO = NO;
				MTL_FAST_MATH = YES;
				SDKROOT = iphoneos;
				SWIFT_COMPILATION_MODE = wholemodule;
				SWIFT_OPTIMIZATION_LEVEL = "-O";
				VALIDATE_PRODUCT = YES;
				VERSIONING_SYSTEM = "apple-generic";
				VERSION_INFO_PREFIX = "";
			};
			name = Release;
		};
		C924A7E02455A22A003CD3B2 /* Debug */ = {
			isa = XCBuildConfiguration;
			baseConfigurationReference = 3692EEEAB0066D2D4B7843AC /* Pods-Demirciy.debug.xcconfig */;
			buildSettings = {
				CODE_SIGN_STYLE = Automatic;
				DEFINES_MODULE = YES;
				DEVELOPMENT_TEAM = WL6ERJVJSX;
				DYLIB_COMPATIBILITY_VERSION = 1;
				DYLIB_CURRENT_VERSION = 1;
				DYLIB_INSTALL_NAME_BASE = "@rpath";
				INFOPLIST_FILE = Demirciy/Info.plist;
				INSTALL_PATH = "$(LOCAL_LIBRARY_DIR)/Frameworks";
				IPHONEOS_DEPLOYMENT_TARGET = 11.0;
				LD_RUNPATH_SEARCH_PATHS = (
					"$(inherited)",
					"@executable_path/Frameworks",
					"@loader_path/Frameworks",
				);
				MARKETING_VERSION = 0.3.0;
				PRODUCT_BUNDLE_IDENTIFIER = com.demirciy.Demirciy;
				PRODUCT_NAME = "$(TARGET_NAME:c99extidentifier)";
				SKIP_INSTALL = YES;
				SUPPORTS_MACCATALYST = NO;
				SWIFT_VERSION = 5.0;
				TARGETED_DEVICE_FAMILY = 1;
			};
			name = Debug;
		};
		C924A7E12455A22A003CD3B2 /* Release */ = {
			isa = XCBuildConfiguration;
			baseConfigurationReference = 35DA18763482EA9A8C797109 /* Pods-Demirciy.release.xcconfig */;
			buildSettings = {
				CODE_SIGN_STYLE = Automatic;
				DEFINES_MODULE = YES;
				DEVELOPMENT_TEAM = WL6ERJVJSX;
				DYLIB_COMPATIBILITY_VERSION = 1;
				DYLIB_CURRENT_VERSION = 1;
				DYLIB_INSTALL_NAME_BASE = "@rpath";
				INFOPLIST_FILE = Demirciy/Info.plist;
				INSTALL_PATH = "$(LOCAL_LIBRARY_DIR)/Frameworks";
				IPHONEOS_DEPLOYMENT_TARGET = 11.0;
				LD_RUNPATH_SEARCH_PATHS = (
					"$(inherited)",
					"@executable_path/Frameworks",
					"@loader_path/Frameworks",
				);
				MARKETING_VERSION = 0.3.0;
				PRODUCT_BUNDLE_IDENTIFIER = com.demirciy.Demirciy;
				PRODUCT_NAME = "$(TARGET_NAME:c99extidentifier)";
				SKIP_INSTALL = YES;
				SUPPORTS_MACCATALYST = NO;
				SWIFT_VERSION = 5.0;
				TARGETED_DEVICE_FAMILY = 1;
			};
			name = Release;
		};
		C97FEC962455F4B9002C6458 /* Debug */ = {
			isa = XCBuildConfiguration;
			baseConfigurationReference = 84938F1629DC098CEE19199E /* Pods-Demirciy-DemirciyTests.debug.xcconfig */;
			buildSettings = {
				CODE_SIGN_STYLE = Automatic;
				DEVELOPMENT_TEAM = WL6ERJVJSX;
				INFOPLIST_FILE = DemirciyTests/Info.plist;
				LD_RUNPATH_SEARCH_PATHS = (
					"$(inherited)",
					"@executable_path/Frameworks",
					"@loader_path/Frameworks",
				);
				PRODUCT_BUNDLE_IDENTIFIER = com.demirciy.DemirciyTests;
				PRODUCT_NAME = "$(TARGET_NAME)";
				SWIFT_VERSION = 5.0;
				TARGETED_DEVICE_FAMILY = "1,2";
			};
			name = Debug;
		};
		C97FEC972455F4B9002C6458 /* Release */ = {
			isa = XCBuildConfiguration;
			baseConfigurationReference = 3E5C604A0697A6FD84955F62 /* Pods-Demirciy-DemirciyTests.release.xcconfig */;
			buildSettings = {
				CODE_SIGN_STYLE = Automatic;
				DEVELOPMENT_TEAM = WL6ERJVJSX;
				INFOPLIST_FILE = DemirciyTests/Info.plist;
				LD_RUNPATH_SEARCH_PATHS = (
					"$(inherited)",
					"@executable_path/Frameworks",
					"@loader_path/Frameworks",
				);
				PRODUCT_BUNDLE_IDENTIFIER = com.demirciy.DemirciyTests;
				PRODUCT_NAME = "$(TARGET_NAME)";
				SWIFT_VERSION = 5.0;
				TARGETED_DEVICE_FAMILY = "1,2";
			};
			name = Release;
		};
/* End XCBuildConfiguration section */

/* Begin XCConfigurationList section */
		C924A7D12455A22A003CD3B2 /* Build configuration list for PBXProject "Demirciy" */ = {
			isa = XCConfigurationList;
			buildConfigurations = (
				C924A7DD2455A22A003CD3B2 /* Debug */,
				C924A7DE2455A22A003CD3B2 /* Release */,
			);
			defaultConfigurationIsVisible = 0;
			defaultConfigurationName = Release;
		};
		C924A7DF2455A22A003CD3B2 /* Build configuration list for PBXNativeTarget "Demirciy" */ = {
			isa = XCConfigurationList;
			buildConfigurations = (
				C924A7E02455A22A003CD3B2 /* Debug */,
				C924A7E12455A22A003CD3B2 /* Release */,
			);
			defaultConfigurationIsVisible = 0;
			defaultConfigurationName = Release;
		};
		C97FEC952455F4B9002C6458 /* Build configuration list for PBXNativeTarget "DemirciyTests" */ = {
			isa = XCConfigurationList;
			buildConfigurations = (
				C97FEC962455F4B9002C6458 /* Debug */,
				C97FEC972455F4B9002C6458 /* Release */,
			);
			defaultConfigurationIsVisible = 0;
			defaultConfigurationName = Release;
		};
/* End XCConfigurationList section */
	};
	rootObject = C924A7CE2455A22A003CD3B2 /* Project object */;
}
